# This file was autogenerated by Stack.
# You should not edit this file by hand.
# For more information, please see the documentation at:
#   https://docs.haskellstack.org/en/stable/lock_files

packages:
- completed:
    hackage: scotty-cookie-0.1.0.3@sha256:3ff1df13a5acba8ba170a5ac22b3ac6a2c227791292536ce1ebfc41038f58fc9,1204
    pantry-tree:
      size: 222
      sha256: 8236b9d3e3c01b29c3d7bf7791af8c87e87ea9b2052e9d7bc32038f524242679
  original:
    hackage: scotty-cookie-0.1.0.3@sha256:3ff1df13a5acba8ba170a5ac22b3ac6a2c227791292536ce1ebfc41038f58fc9,1204
- completed:
    hackage: conferer-hedis-0.4.0.1@sha256:1e63db96fa95ed8596fe9d8a110157587592fe661ba8b0ac823aff569781ee57,1536
    pantry-tree:
      size: 408
      sha256: 8a96831e642381a532329621daaf00b4043eb38fdbfdfd6a1a2581f03c7862ab
  original:
    hackage: conferer-hedis-0.4.0.1@sha256:1e63db96fa95ed8596fe9d8a110157587592fe661ba8b0ac823aff569781ee57,1536
- completed:
    hackage: oidc-client-0.5.1.0@sha256:b7562a90f7687741f961d9ead6b8bec7ab14824bc625709a12b04f2080a84161,3368
    pantry-tree:
      size: 1298
      sha256: a3f73796cb6e6ec78e3eb080ebbad7b3550341080ec2fd1286a369a84a3776b4
  original:
    hackage: oidc-client-0.5.1.0@sha256:b7562a90f7687741f961d9ead6b8bec7ab14824bc625709a12b04f2080a84161,3368
snapshots:
- completed:
    size: 531674
    url: https://raw.githubusercontent.com/commercialhaskell/stackage-snapshots/master/lts/16/2.yaml
    sha256: 4b08fb9338ca297de7ade8318f4be1216f14dff8c0426c001fb7886ee88cb84a
  original: lts-16.2
